
Microsoft Visual Studio Solution File, Format Version 12.00
# Visual Studio Version 17
VisualStudioVersion = 17.4.33205.214
MinimumVisualStudioVersion = 10.0.40219.1
Project("{FAE04EC0-301F-11D3-BF4B-00C04F79EFBC}") = "SecondHandProject", "SecondHandProject.csproj", "{989DAB03-8953-4A77-BD54-24BA166C3FD8}"
EndProject
Global
	GlobalSection(SolutionConfigurationPlatforms) = preSolution
		Debug|Any CPU = Debug|Any CPU
		Release|Any CPU = Release|Any CPU
	EndGlobalSection
	GlobalSection(ProjectConfigurationPlatforms) = postSolution
		{989DAB03-8953-4A77-BD54-24BA166C3FD8}.Debug|Any CPU.ActiveCfg = Debug|Any CPU
		{989DAB03-8953-4A77-BD54-24BA166C3FD8}.Debug|Any CPU.Build.0 = Debug|Any CPU
		{989DAB03-8953-4A77-BD54-24BA166C3FD8}.Release|Any CPU.ActiveCfg = Release|Any CPU
		{989DAB03-8953-4A77-BD54-24BA166C3FD8}.Release|Any CPU.Build.0 = Release|Any CPU
	EndGlobalSection
	GlobalSection(SolutionProperties) = preSolution
		HideSolutionNode = FALSE
	EndGlobalSection
	GlobalSection(ExtensibilityGlobals) = postSolution
		SolutionGuid = {207276A1-972B-4A45-9683-FBEB5304D917}
	EndGlobalSection
EndGlobal
